// !$*UTF8*$!
{
	archiveVersion = 1;
	classes = {
	};
	objectVersion = 46;
	objects = {

/* Begin PBXBuildFile section */
		7FB4927458DE21026A113A08 /* Pods_SampleSideMenu.framework in Frameworks */ = {isa = PBXBuildFile; fileRef = 90F1ACBAD3325ABA142BADD7 /* Pods_SampleSideMenu.framework */; };
		9A3816FF1DDC17D1001DDDE4 /* AppDelegate.swift in Sources */ = {isa = PBXBuildFile; fileRef = 9A3816FE1DDC17D1001DDDE4 /* AppDelegate.swift */; };
		9A3817011DDC17D1001DDDE4 /* ViewController.swift in Sources */ = {isa = PBXBuildFile; fileRef = 9A3817001DDC17D1001DDDE4 /* ViewController.swift */; };
		9A3817041DDC17D1001DDDE4 /* Main.storyboard in Resources */ = {isa = PBXBuildFile; fileRef = 9A3817021DDC17D1001DDDE4 /* Main.storyboard */; };
		9A3817061DDC17D1001DDDE4 /* Assets.xcassets in Resources */ = {isa = PBXBuildFile; fileRef = 9A3817051DDC17D1001DDDE4 /* Assets.xcassets */; };
		9A3817091DDC17D1001DDDE4 /* LaunchScreen.storyboard in Resources */ = {isa = PBXBuildFile; fileRef = 9A3817071DDC17D1001DDDE4 /* LaunchScreen.storyboard */; };
		9A40C9FC1DDD6BDE0080323A /* LeftMenuViewController.swift in Sources */ = {isa = PBXBuildFile; fileRef = 9A40C9FB1DDD6BDE0080323A /* LeftMenuViewController.swift */; };
		9ACBC7281DE12F0E00935F29 /* SideMenu.storyboard in Resources */ = {isa = PBXBuildFile; fileRef = 9ACBC7271DE12F0E00935F29 /* SideMenu.storyboard */; };
/* End PBXBuildFile section */

/* Begin PBXFileReference section */
		0C9614134217A730FFCA0502 /* Pods-SampleSideMenu.debug.xcconfig */ = {isa = PBXFileReference; includeInIndex = 1; lastKnownFileType = text.xcconfig; name = "Pods-SampleSideMenu.debug.xcconfig"; path = "Pods/Target Support Files/Pods-SampleSideMenu/Pods-SampleSideMenu.debug.xcconfig"; sourceTree = "<group>"; };
		7780823D2B867199625A8979 /* Pods-SampleSideMenu.release.xcconfig */ = {isa = PBXFileReference; includeInIndex = 1; lastKnownFileType = text.xcconfig; name = "Pods-SampleSideMenu.release.xcconfig"; path = "Pods/Target Support Files/Pods-SampleSideMenu/Pods-SampleSideMenu.release.xcconfig"; sourceTree = "<group>"; };
		90F1ACBAD3325ABA142BADD7 /* Pods_SampleSideMenu.framework */ = {isa = PBXFileReference; explicitFileType = wrapper.framework; includeInIndex = 0; path = Pods_SampleSideMenu.framework; sourceTree = BUILT_PRODUCTS_DIR; };
		9A3816FB1DDC17D0001DDDE4 /* SampleSideMenu.app */ = {isa = PBXFileReference; explicitFileType = wrapper.application; includeInIndex = 0; path = SampleSideMenu.app; sourceTree = BUILT_PRODUCTS_DIR; };
		9A3816FE1DDC17D1001DDDE4 /* AppDelegate.swift */ = {isa = PBXFileReference; lastKnownFileType = sourcecode.swift; path = AppDelegate.swift; sourceTree = "<group>"; };
		9A3817001DDC17D1001DDDE4 /* ViewController.swift */ = {isa = PBXFileReference; lastKnownFileType = sourcecode.swift; path = ViewController.swift; sourceTree = "<group>"; };
		9A3817031DDC17D1001DDDE4 /* Base */ = {isa = PBXFileReference; lastKnownFileType = file.storyboard; name = Base; path = Base.lproj/Main.storyboard; sourceTree = "<group>"; };
		9A3817051DDC17D1001DDDE4 /* Assets.xcassets */ = {isa = PBXFileReference; lastKnownFileType = folder.assetcatalog; path = Assets.xcassets; sourceTree = "<group>"; };
		9A3817081DDC17D1001DDDE4 /* Base */ = {isa = PBXFileReference; lastKnownFileType = file.storyboard; name = Base; path = Base.lproj/LaunchScreen.storyboard; sourceTree = "<group>"; };
		9A38170A1DDC17D1001DDDE4 /* Info.plist */ = {isa = PBXFileReference; lastKnownFileType = text.plist.xml; path = Info.plist; sourceTree = "<group>"; };
		9A40C9FB1DDD6BDE0080323A /* LeftMenuViewController.swift */ = {isa = PBXFileReference; fileEncoding = 4; lastKnownFileType = sourcecode.swift; path = LeftMenuViewController.swift; sourceTree = "<group>"; };
		9ACBC7271DE12F0E00935F29 /* SideMenu.storyboard */ = {isa = PBXFileReference; fileEncoding = 4; lastKnownFileType = file.storyboard; path = SideMenu.storyboard; sourceTree = "<group>"; };
/* End PBXFileReference section */

/* Begin PBXFrameworksBuildPhase section */
		9A3816F81DDC17D0001DDDE4 /* Frameworks */ = {
			isa = PBXFrameworksBuildPhase;
			buildActionMask = 2147483647;
			files = (
				7FB4927458DE21026A113A08 /* Pods_SampleSideMenu.framework in Frameworks */,
			);
			runOnlyForDeploymentPostprocessing = 0;
		};
/* End PBXFrameworksBuildPhase section */

/* Begin PBXGroup section */
		66F3D811810F816AD3BF880E /* Pods */ = {
			isa = PBXGroup;
			children = (
				0C9614134217A730FFCA0502 /* Pods-SampleSideMenu.debug.xcconfig */,
				7780823D2B867199625A8979 /* Pods-SampleSideMenu.release.xcconfig */,
			);
			name = Pods;
			sourceTree = "<group>";
		};
		7C848A8B3DFC334F1F88B6E7 /* Frameworks */ = {
			isa = PBXGroup;
			children = (
				90F1ACBAD3325ABA142BADD7 /* Pods_SampleSideMenu.framework */,
			);
			name = Frameworks;
			sourceTree = "<group>";
		};
		9A3816F21DDC17D0001DDDE4 = {
			isa = PBXGroup;
			children = (
				9A3816FD1DDC17D0001DDDE4 /* SampleSideMenu */,
				9A3816FC1DDC17D0001DDDE4 /* Products */,
				66F3D811810F816AD3BF880E /* Pods */,
				7C848A8B3DFC334F1F88B6E7 /* Frameworks */,
			);
			sourceTree = "<group>";
		};
		9A3816FC1DDC17D0001DDDE4 /* Products */ = {
			isa = PBXGroup;
			children = (
				9A3816FB1DDC17D0001DDDE4 /* SampleSideMenu.app */,
			);
			name = Products;
			sourceTree = "<group>";
		};
		9A3816FD1DDC17D0001DDDE4 /* SampleSideMenu */ = {
			isa = PBXGroup;
			children = (
				9A3816FE1DDC17D1001DDDE4 /* AppDelegate.swift */,
				9A3817001DDC17D1001DDDE4 /* ViewController.swift */,
				9A40C9FB1DDD6BDE0080323A /* LeftMenuViewController.swift */,
				9A3817021DDC17D1001DDDE4 /* Main.storyboard */,
				9ACBC7271DE12F0E00935F29 /* SideMenu.storyboard */,
				9A3817051DDC17D1001DDDE4 /* Assets.xcassets */,
				9A3817071DDC17D1001DDDE4 /* LaunchScreen.storyboard */,
				9A38170A1DDC17D1001DDDE4 /* Info.plist */,
			);
			path = SampleSideMenu;
			sourceTree = "<group>";
		};
/* End PBXGroup section */

/* Begin PBXNativeTarget section */
		9A3816FA1DDC17D0001DDDE4 /* SampleSideMenu */ = {
			isa = PBXNativeTarget;
			buildConfigurationList = 9A38170D1DDC17D1001DDDE4 /* Build configuration list for PBXNativeTarget "SampleSideMenu" */;
			buildPhases = (
				D7F1316E9CB9B53EBBD4B5FC /* [CP] Check Pods Manifest.lock */,
				9A3816F71DDC17D0001DDDE4 /* Sources */,
				9A3816F81DDC17D0001DDDE4 /* Frameworks */,
				9A3816F91DDC17D0001DDDE4 /* Resources */,
				56A8157CF2DD4BBE0841813C /* [CP] Embed Pods Frameworks */,
				99F960EF9503A8186552106C /* [CP] Copy Pods Resources */,
			);
			buildRules = (
			);
			dependencies = (
			);
			name = SampleSideMenu;
			productName = SampleSideMenu;
			productReference = 9A3816FB1DDC17D0001DDDE4 /* SampleSideMenu.app */;
			productType = "com.apple.product-type.application";
		};
/* End PBXNativeTarget section */

/* Begin PBXProject section */
		9A3816F31DDC17D0001DDDE4 /* Project object */ = {
			isa = PBXProject;
			attributes = {
				LastSwiftUpdateCheck = 0810;
				LastUpgradeCheck = 0810;
				ORGANIZATIONNAME = IkkiTakahashi;
				TargetAttributes = {
					9A3816FA1DDC17D0001DDDE4 = {
						CreatedOnToolsVersion = 8.1;
						DevelopmentTeam = 68682W8R4T;
						ProvisioningStyle = Automatic;
					};
				};
			};
			buildConfigurationList = 9A3816F61DDC17D0001DDDE4 /* Build configuration list for PBXProject "SampleSideMenu" */;
			compatibilityVersion = "Xcode 3.2";
			developmentRegion = English;
			hasScannedForEncodings = 0;
			knownRegions = (
				en,
				Base,
			);
			mainGroup = 9A3816F21DDC17D0001DDDE4;
			productRefGroup = 9A3816FC1DDC17D0001DDDE4 /* Products */;
			projectDirPath = "";
			projectRoot = "";
			targets = (
				9A3816FA1DDC17D0001DDDE4 /* SampleSideMenu */,
			);
		};
/* End PBXProject section */

/* Begin PBXResourcesBuildPhase section */
		9A3816F91DDC17D0001DDDE4 /* Resources */ = {
			isa = PBXResourcesBuildPhase;
			buildActionMask = 2147483647;
			files = (
				9ACBC7281DE12F0E00935F29 /* SideMenu.storyboard in Resources */,
				9A3817091DDC17D1001DDDE4 /* LaunchScreen.storyboard in Resources */,
				9A3817061DDC17D1001DDDE4 /* Assets.xcassets in Resources */,
				9A3817041DDC17D1001DDDE4 /* Main.storyboard in Resources */,
			);
			runOnlyForDeploymentPostprocessing = 0;
		};
/* End PBXResourcesBuildPhase section */

/* Begin PBXShellScriptBuildPhase section */
		56A8157CF2DD4BBE0841813C /* [CP] Embed Pods Frameworks */ = {
			isa = PBXShellScriptBuildPhase;
			buildActionMask = 2147483647;
			files = (
			);
			inputPaths = (
			);
			name = "[CP] Embed Pods Frameworks";
			outputPaths = (
			);
			runOnlyForDeploymentPostprocessing = 0;
			shellPath = /bin/sh;
			shellScript = "\"${SRCROOT}/Pods/Target Support Files/Pods-SampleSideMenu/Pods-SampleSideMenu-frameworks.sh\"\n";
			showEnvVarsInLog = 0;
		};
		99F960EF9503A8186552106C /* [CP] Copy Pods Resources */ = {
			isa = PBXShellScriptBuildPhase;
			buildActionMask = 2147483647;
			files = (
			);
			inputPaths = (
			);
			name = "[CP] Copy Pods Resources";
			outputPaths = (
			);
			runOnlyForDeploymentPostprocessing = 0;
			shellPath = /bin/sh;
			shellScript = "\"${SRCROOT}/Pods/Target Support Files/Pods-SampleSideMenu/Pods-SampleSideMenu-resources.sh\"\n";
			showEnvVarsInLog = 0;
		};
		D7F1316E9CB9B53EBBD4B5FC /* [CP] Check Pods Manifest.lock */ = {
			isa = PBXShellScriptBuildPhase;
			buildActionMask = 2147483647;
			files = (
			);
			inputPaths = (
			);
			name = "[CP] Check Pods Manifest.lock";
			outputPaths = (
			);
			runOnlyForDeploymentPostprocessing = 0;
			shellPath = /bin/sh;
			shellScript = "diff \"${PODS_ROOT}/../Podfile.lock\" \"${PODS_ROOT}/Manifest.lock\" > /dev/null\nif [[ $? != 0 ]] ; then\n    cat << EOM\nerror: The sandbox is not in sync with the Podfile.lock. Run 'pod install' or update your CocoaPods installation.\nEOM\n    exit 1\nfi\n";
			showEnvVarsInLog = 0;
		};
/* End PBXShellScriptBuildPhase section */

/* Begin PBXSourcesBuildPhase section */
		9A3816F71DDC17D0001DDDE4 /* Sources */ = {
			isa = PBXSourcesBuildPhase;
			buildActionMask = 2147483647;
			files = (
				9A3817011DDC17D1001DDDE4 /* ViewController.swift in Sources */,
				9A3816FF1DDC17D1001DDDE4 /* AppDelegate.swift in Sources */,
				9A40C9FC1DDD6BDE0080323A /* LeftMenuViewController.swift in Sources */,
			);
			runOnlyForDeploymentPostprocessing = 0;
		};
/* End PBXSourcesBuildPhase section */

/* Begin PBXVariantGroup section */
		9A3817021DDC17D1001DDDE4 /* Main.storyboard */ = {
			isa = PBXVariantGroup;
			children = (
				9A3817031DDC17D1001DDDE4 /* Base */,
			);
			name = Main.storyboard;
			sourceTree = "<group>";
		};
		9A3817071DDC17D1001DDDE4 /* LaunchScreen.storyboard */ = {
			isa = PBXVariantGroup;
			children = (
				9A3817081DDC17D1001DDDE4 /* Base */,
			);
			name = LaunchScreen.storyboard;
			sourceTree = "<group>";
		};
/* End PBXVariantGroup section */

/* Begin XCBuildConfiguration section */
		9A38170B1DDC17D1001DDDE4 /* Debug */ = {
			isa = XCBuildConfiguration;
			buildSettings = {
				ALWAYS_SEARCH_USER_PATHS = NO;
				CLANG_ANALYZER_NONNULL = YES;
				CLANG_CXX_LANGUAGE_STANDARD = "gnu++0x";
				CLANG_CXX_LIBRARY = "libc++";
				CLANG_ENABLE_MODULES = YES;
				CLANG_ENABLE_OBJC_ARC = YES;
				CLANG_WARN_BOOL_CONVERSION = YES;
				CLANG_WARN_CONSTANT_CONVERSION = YES;
				CLANG_WARN_DIRECT_OBJC_ISA_USAGE = YES_ERROR;
				CLANG_WARN_DOCUMENTATION_COMMENTS = YES;
				CLANG_WARN_EMPTY_BODY = YES;
				CLANG_WARN_ENUM_CONVERSION = YES;
				CLANG_WARN_INFINITE_RECURSION = YES;
				CLANG_WARN_INT_CONVERSION = YES;
				CLANG_WARN_OBJC_ROOT_CLASS = YES_ERROR;
				CLANG_WARN_SUSPICIOUS_MOVES = YES;
				CLANG_WARN_UNREACHABLE_CODE = YES;
				CLANG_WARN__DUPLICATE_METHOD_MATCH = YES;
				"CODE_SIGN_IDENTITY[sdk=iphoneos*]" = "iPhone Developer";
				COPY_PHASE_STRIP = NO;
				DEBUG_INFORMATION_FORMAT = dwarf;
				ENABLE_STRICT_OBJC_MSGSEND = YES;
				ENABLE_TESTABILITY = YES;
				GCC_C_LANGUAGE_STANDARD = gnu99;
				GCC_DYNAMIC_NO_PIC = NO;
				GCC_NO_COMMON_BLOCKS = YES;
				GCC_OPTIMIZATION_LEVEL = 0;
				GCC_PREPROCESSOR_DEFINITIONS = (
					"DEBUG=1",
					"$(inherited)",
				);
				GCC_WARN_64_TO_32_BIT_CONVERSION = YES;
				GCC_WARN_ABOUT_RETURN_TYPE = YES_ERROR;
				GCC_WARN_UNDECLARED_SELECTOR = YES;
				GCC_WARN_UNINITIALIZED_AUTOS = YES_AGGRESSIVE;
				GCC_WARN_UNUSED_FUNCTION = YES;
				GCC_WARN_UNUSED_VARIABLE = YES;
				IPHONEOS_DEPLOYMENT_TARGET = 10.1;
				MTL_ENABLE_DEBUG_INFO = YES;
				ONLY_ACTIVE_ARCH = YES;
				SDKROOT = iphoneos;
				SWIFT_ACTIVE_COMPILATION_CONDITIONS = DEBUG;
				SWIFT_OPTIMIZATION_LEVEL = "-Onone";
			};
			name = Debug;
		};
		9A38170C1DDC17D1001DDDE4 /* Release */ = {
			isa = XCBuildConfiguration;
			buildSettings = {
				ALWAYS_SEARCH_USER_PATHS = NO;
				CLANG_ANALYZER_NONNULL = YES;
				CLANG_CXX_LANGUAGE_STANDARD = "gnu++0x";
				CLANG_CXX_LIBRARY = "libc++";
				CLANG_ENABLE_MODULES = YES;
				CLANG_ENABLE_OBJC_ARC = YES;
				CLANG_WARN_BOOL_CONVERSION = YES;
				CLANG_WARN_CONSTANT_CONVERSION = YES;
				CLANG_WARN_DIRECT_OBJC_ISA_USAGE = YES_ERROR;
				CLANG_WARN_DOCUMENTATION_COMMENTS = YES;
				CLANG_WARN_EMPTY_BODY = YES;
				CLANG_WARN_ENUM_CONVERSION = YES;
				CLANG_WARN_INFINITE_RECURSION = YES;
				CLANG_WARN_INT_CONVERSION = YES;
				CLANG_WARN_OBJC_ROOT_CLASS = YES_ERROR;
				CLANG_WARN_SUSPICIOUS_MOVES = YES;
				CLANG_WARN_UNREACHABLE_CODE = YES;
				CLANG_WARN__DUPLICATE_METHOD_MATCH = YES;
				"CODE_SIGN_IDENTITY[sdk=iphoneos*]" = "iPhone Developer";
				COPY_PHASE_STRIP = NO;
				DEBUG_INFORMATION_FORMAT = "dwarf-with-dsym";
				ENABLE_NS_ASSERTIONS = NO;
				ENABLE_STRICT_OBJC_MSGSEND = YES;
				GCC_C_LANGUAGE_STANDARD = gnu99;
				GCC_NO_COMMON_BLOCKS = YES;
				GCC_WARN_64_TO_32_BIT_CONVERSION = YES;
				GCC_WARN_ABOUT_RETURN_TYPE = YES_ERROR;
				GCC_WARN_UNDECLARED_SELECTOR = YES;
				GCC_WARN_UNINITIALIZED_AUTOS = YES_AGGRESSIVE;
				GCC_WARN_UNUSED_FUNCTION = YES;
				GCC_WARN_UNUSED_VARIABLE = YES;
				IPHONEOS_DEPLOYMENT_TARGET = 10.1;
				MTL_ENABLE_DEBUG_INFO = NO;
				SDKROOT = iphoneos;
				SWIFT_OPTIMIZATION_LEVEL = "-Owholemodule";
				VALIDATE_PRODUCT = YES;
			};
			name = Release;
		};
		9A38170E1DDC17D1001DDDE4 /* Debug */ = {
			isa = XCBuildConfiguration;
			baseConfigurationReference = 0C9614134217A730FFCA0502 /* Pods-SampleSideMenu.debug.xcconfig */;
			buildSettings = {
				ASSETCATALOG_COMPILER_APPICON_NAME = AppIcon;
				DEVELOPMENT_TEAM = 68682W8R4T;
				INFOPLIST_FILE = SampleSideMenu/Info.plist;
				LD_RUNPATH_SEARCH_PATHS = "$(inherited) @executable_path/Frameworks";
				PRODUCT_BUNDLE_IDENTIFIER = jp.sample.ikkitang1211.SampleSideMenu;
				PRODUCT_NAME = "$(TARGET_NAME)";
				SWIFT_VERSION = 3.0.1;
			};
			name = Debug;
		};
		9A38170F1DDC17D1001DDDE4 /* Release */ = {
			isa = XCBuildConfiguration;
			baseConfigurationReference = 7780823D2B867199625A8979 /* Pods-SampleSideMenu.release.xcconfig */;
			buildSettings = {
				ASSETCATALOG_COMPILER_APPICON_NAME = AppIcon;
				DEVELOPMENT_TEAM = 68682W8R4T;
				INFOPLIST_FILE = SampleSideMenu/Info.plist;
				LD_RUNPATH_SEARCH_PATHS = "$(inherited) @executable_path/Frameworks";
				PRODUCT_BUNDLE_IDENTIFIER = jp.sample.ikkitang1211.SampleSideMenu;
				PRODUCT_NAME = "$(TARGET_NAME)";
				SWIFT_VERSION = 3.0.1;
			};
			name = Release;
		};
/* End XCBuildConfiguration section */

/* Begin XCConfigurationList section */
		9A3816F61DDC17D0001DDDE4 /* Build configuration list for PBXProject "SampleSideMenu" */ = {
			isa = XCConfigurationList;
			buildConfigurations = (
				9A38170B1DDC17D1001DDDE4 /* Debug */,
				9A38170C1DDC17D1001DDDE4 /* Release */,
			);
			defaultConfigurationIsVisible = 0;
			defaultConfigurationName = Release;
		};
		9A38170D1DDC17D1001DDDE4 /* Build configuration list for PBXNativeTarget "SampleSideMenu" */ = {
			isa = XCConfigurationList;
			buildConfigurations = (
				9A38170E1DDC17D1001DDDE4 /* Debug */,
				9A38170F1DDC17D1001DDDE4 /* Release */,
			);
			defaultConfigurationIsVisible = 0;
			defaultConfigurationName = Release;
		};
/* End XCConfigurationList section */
	};
	rootObject = 9A3816F31DDC17D0001DDDE4 /* Project object */;
}
